
Microsoft Visual Studio Solution File, Format Version 12.00
# Visual Studio 15
VisualStudioVersion = 15.0.28307.271
MinimumVisualStudioVersion = 10.0.40219.1
Project("{FAE04EC0-301F-11D3-BF4B-00C04F79EFBC}") = "SalesWebMVC", "SalesWebMVC\SalesWebMVC.csproj", "{5E92ADA8-FFCB-4924-9036-FE244097383A}"
EndProject
Global
	GlobalSection(SolutionConfigurationPlatforms) = preSolution
		Debug|Any CPU = Debug|Any CPU
		Release|Any CPU = Release|Any CPU
	EndGlobalSection
	GlobalSection(ProjectConfigurationPlatforms) = postSolution
		{5E92ADA8-FFCB-4924-9036-FE244097383A}.Debug|Any CPU.ActiveCfg = Debug|Any CPU
		{5E92ADA8-FFCB-4924-9036-FE244097383A}.Debug|Any CPU.Build.0 = Debug|Any CPU
		{5E92ADA8-FFCB-4924-9036-FE244097383A}.Release|Any CPU.ActiveCfg = Release|Any CPU
		{5E92ADA8-FFCB-4924-9036-FE244097383A}.Release|Any CPU.Build.0 = Release|Any CPU
	EndGlobalSection
	GlobalSection(SolutionProperties) = preSolution
		HideSolutionNode = FALSE
	EndGlobalSection
	GlobalSection(ExtensibilityGlobals) = postSolution
		SolutionGuid = {6ADE3AC8-ADFA-4E8C-BA58-C1507AA8CF35}
	EndGlobalSection
EndGlobal
